
Microsoft Visual Studio Solution File, Format Version 12.00
# Visual Studio Version 17
VisualStudioVersion = 17.4.33103.184
MinimumVisualStudioVersion = 10.0.40219.1
Project("{FAE04EC0-301F-11D3-BF4B-00C04F79EFBC}") = "BlockInfoExtractor", "BlockInfoExtractor.csproj", "{B9A68D0E-9535-44B6-B367-210582BF745B}"
EndProject
Global
	GlobalSection(SolutionConfigurationPlatforms) = preSolution
		Debug|Any CPU = Debug|Any CPU
		Release|Any CPU = Release|Any CPU
	EndGlobalSection
	GlobalSection(ProjectConfigurationPlatforms) = postSolution
		{B9A68D0E-9535-44B6-B367-210582BF745B}.Debug|Any CPU.ActiveCfg = Debug|Any CPU
		{B9A68D0E-9535-44B6-B367-210582BF745B}.Debug|Any CPU.Build.0 = Debug|Any CPU
		{B9A68D0E-9535-44B6-B367-210582BF745B}.Release|Any CPU.ActiveCfg = Release|Any CPU
		{B9A68D0E-9535-44B6-B367-210582BF745B}.Release|Any CPU.Build.0 = Release|Any CPU
	EndGlobalSection
	GlobalSection(SolutionProperties) = preSolution
		HideSolutionNode = FALSE
	EndGlobalSection
	GlobalSection(ExtensibilityGlobals) = postSolution
		SolutionGuid = {7DB6506E-F84E-455A-8A6E-33EE715FFCA8}
	EndGlobalSection
EndGlobal
